// !$*UTF8*$!
{
	archiveVersion = 1;
	classes = {
	};
	objectVersion = 56;
	objects = {

/* Begin PBXBuildFile section */
		F952F28329AD024700F276FD /* Shiba_Inu_APIApp.swift in Sources */ = {isa = PBXBuildFile; fileRef = F952F28229AD024700F276FD /* Shiba_Inu_APIApp.swift */; };
		F952F28529AD024700F276FD /* ContentView.swift in Sources */ = {isa = PBXBuildFile; fileRef = F952F28429AD024700F276FD /* ContentView.swift */; };
		F952F28729AD024900F276FD /* Assets.xcassets in Resources */ = {isa = PBXBuildFile; fileRef = F952F28629AD024900F276FD /* Assets.xcassets */; };
		F952F28A29AD024900F276FD /* Preview Assets.xcassets in Resources */ = {isa = PBXBuildFile; fileRef = F952F28929AD024900F276FD /* Preview Assets.xcassets */; };
		F952F29429AD024900F276FD /* Shiba_Inu_APITests.swift in Sources */ = {isa = PBXBuildFile; fileRef = F952F29329AD024900F276FD /* Shiba_Inu_APITests.swift */; };
		F952F29E29AD024900F276FD /* Shiba_Inu_APIUITests.swift in Sources */ = {isa = PBXBuildFile; fileRef = F952F29D29AD024900F276FD /* Shiba_Inu_APIUITests.swift */; };
		F952F2A029AD024900F276FD /* Shiba_Inu_APIUITestsLaunchTests.swift in Sources */ = {isa = PBXBuildFile; fileRef = F952F29F29AD024900F276FD /* Shiba_Inu_APIUITestsLaunchTests.swift */; };
		F952F2AD29AD025C00F276FD /* EntryView.swift in Sources */ = {isa = PBXBuildFile; fileRef = F952F2AC29AD025C00F276FD /* EntryView.swift */; };
/* End PBXBuildFile section */

/* Begin PBXContainerItemProxy section */
		F952F29029AD024900F276FD /* PBXContainerItemProxy */ = {
			isa = PBXContainerItemProxy;
			containerPortal = F952F27729AD024700F276FD /* Project object */;
			proxyType = 1;
			remoteGlobalIDString = F952F27E29AD024700F276FD;
			remoteInfo = "Shiba Inu API";
		};
		F952F29A29AD024900F276FD /* PBXContainerItemProxy */ = {
			isa = PBXContainerItemProxy;
			containerPortal = F952F27729AD024700F276FD /* Project object */;
			proxyType = 1;
			remoteGlobalIDString = F952F27E29AD024700F276FD;
			remoteInfo = "Shiba Inu API";
		};
/* End PBXContainerItemProxy section */

/* Begin PBXFileReference section */
		F952F27F29AD024700F276FD /* Shiba Inu API.app */ = {isa = PBXFileReference; explicitFileType = wrapper.application; includeInIndex = 0; path = "Shiba Inu API.app"; sourceTree = BUILT_PRODUCTS_DIR; };
		F952F28229AD024700F276FD /* Shiba_Inu_APIApp.swift */ = {isa = PBXFileReference; lastKnownFileType = sourcecode.swift; path = Shiba_Inu_APIApp.swift; sourceTree = "<group>"; };
		F952F28429AD024700F276FD /* ContentView.swift */ = {isa = PBXFileReference; lastKnownFileType = sourcecode.swift; path = ContentView.swift; sourceTree = "<group>"; };
		F952F28629AD024900F276FD /* Assets.xcassets */ = {isa = PBXFileReference; lastKnownFileType = folder.assetcatalog; path = Assets.xcassets; sourceTree = "<group>"; };
		F952F28929AD024900F276FD /* Preview Assets.xcassets */ = {isa = PBXFileReference; lastKnownFileType = folder.assetcatalog; path = "Preview Assets.xcassets"; sourceTree = "<group>"; };
		F952F28F29AD024900F276FD /* Shiba Inu APITests.xctest */ = {isa = PBXFileReference; explicitFileType = wrapper.cfbundle; includeInIndex = 0; path = "Shiba Inu APITests.xctest"; sourceTree = BUILT_PRODUCTS_DIR; };
		F952F29329AD024900F276FD /* Shiba_Inu_APITests.swift */ = {isa = PBXFileReference; lastKnownFileType = sourcecode.swift; path = Shiba_Inu_APITests.swift; sourceTree = "<group>"; };
		F952F29929AD024900F276FD /* Shiba Inu APIUITests.xctest */ = {isa = PBXFileReference; explicitFileType = wrapper.cfbundle; includeInIndex = 0; path = "Shiba Inu APIUITests.xctest"; sourceTree = BUILT_PRODUCTS_DIR; };
		F952F29D29AD024900F276FD /* Shiba_Inu_APIUITests.swift */ = {isa = PBXFileReference; lastKnownFileType = sourcecode.swift; path = Shiba_Inu_APIUITests.swift; sourceTree = "<group>"; };
		F952F29F29AD024900F276FD /* Shiba_Inu_APIUITestsLaunchTests.swift */ = {isa = PBXFileReference; lastKnownFileType = sourcecode.swift; path = Shiba_Inu_APIUITestsLaunchTests.swift; sourceTree = "<group>"; };
		F952F2AC29AD025C00F276FD /* EntryView.swift */ = {isa = PBXFileReference; lastKnownFileType = sourcecode.swift; path = EntryView.swift; sourceTree = "<group>"; };
/* End PBXFileReference section */

/* Begin PBXFrameworksBuildPhase section */
		F952F27C29AD024700F276FD /* Frameworks */ = {
			isa = PBXFrameworksBuildPhase;
			buildActionMask = 2147483647;
			files = (
			);
			runOnlyForDeploymentPostprocessing = 0;
		};
		F952F28C29AD024900F276FD /* Frameworks */ = {
			isa = PBXFrameworksBuildPhase;
			buildActionMask = 2147483647;
			files = (
			);
			runOnlyForDeploymentPostprocessing = 0;
		};
		F952F29629AD024900F276FD /* Frameworks */ = {
			isa = PBXFrameworksBuildPhase;
			buildActionMask = 2147483647;
			files = (
			);
			runOnlyForDeploymentPostprocessing = 0;
		};
/* End PBXFrameworksBuildPhase section */

/* Begin PBXGroup section */
		F952F27629AD024700F276FD = {
			isa = PBXGroup;
			children = (
				F952F28129AD024700F276FD /* Shiba Inu API */,
				F952F29229AD024900F276FD /* Shiba Inu APITests */,
				F952F29C29AD024900F276FD /* Shiba Inu APIUITests */,
				F952F28029AD024700F276FD /* Products */,
			);
			sourceTree = "<group>";
		};
		F952F28029AD024700F276FD /* Products */ = {
			isa = PBXGroup;
			children = (
				F952F27F29AD024700F276FD /* Shiba Inu API.app */,
				F952F28F29AD024900F276FD /* Shiba Inu APITests.xctest */,
				F952F29929AD024900F276FD /* Shiba Inu APIUITests.xctest */,
			);
			name = Products;
			sourceTree = "<group>";
		};
		F952F28129AD024700F276FD /* Shiba Inu API */ = {
			isa = PBXGroup;
			children = (
				F952F28229AD024700F276FD /* Shiba_Inu_APIApp.swift */,
				F952F28429AD024700F276FD /* ContentView.swift */,
				F952F2AC29AD025C00F276FD /* EntryView.swift */,
				F952F28629AD024900F276FD /* Assets.xcassets */,
				F952F28829AD024900F276FD /* Preview Content */,
			);
			path = "Shiba Inu API";
			sourceTree = "<group>";
		};
		F952F28829AD024900F276FD /* Preview Content */ = {
			isa = PBXGroup;
			children = (
				F952F28929AD024900F276FD /* Preview Assets.xcassets */,
			);
			path = "Preview Content";
			sourceTree = "<group>";
		};
		F952F29229AD024900F276FD /* Shiba Inu APITests */ = {
			isa = PBXGroup;
			children = (
				F952F29329AD024900F276FD /* Shiba_Inu_APITests.swift */,
			);
			path = "Shiba Inu APITests";
			sourceTree = "<group>";
		};
		F952F29C29AD024900F276FD /* Shiba Inu APIUITests */ = {
			isa = PBXGroup;
			children = (
				F952F29D29AD024900F276FD /* Shiba_Inu_APIUITests.swift */,
				F952F29F29AD024900F276FD /* Shiba_Inu_APIUITestsLaunchTests.swift */,
			);
			path = "Shiba Inu APIUITests";
			sourceTree = "<group>";
		};
/* End PBXGroup section */

/* Begin PBXNativeTarget section */
		F952F27E29AD024700F276FD /* Shiba Inu API */ = {
			isa = PBXNativeTarget;
			buildConfigurationList = F952F2A329AD024900F276FD /* Build configuration list for PBXNativeTarget "Shiba Inu API" */;
			buildPhases = (
				F952F27B29AD024700F276FD /* Sources */,
				F952F27C29AD024700F276FD /* Frameworks */,
				F952F27D29AD024700F276FD /* Resources */,
			);
			buildRules = (
			);
			dependencies = (
			);
			name = "Shiba Inu API";
			productName = "Shiba Inu API";
			productReference = F952F27F29AD024700F276FD /* Shiba Inu API.app */;
			productType = "com.apple.product-type.application";
		};
		F952F28E29AD024900F276FD /* Shiba Inu APITests */ = {
			isa = PBXNativeTarget;
			buildConfigurationList = F952F2A629AD024900F276FD /* Build configuration list for PBXNativeTarget "Shiba Inu APITests" */;
			buildPhases = (
				F952F28B29AD024900F276FD /* Sources */,
				F952F28C29AD024900F276FD /* Frameworks */,
				F952F28D29AD024900F276FD /* Resources */,
			);
			buildRules = (
			);
			dependencies = (
				F952F29129AD024900F276FD /* PBXTargetDependency */,
			);
			name = "Shiba Inu APITests";
			productName = "Shiba Inu APITests";
			productReference = F952F28F29AD024900F276FD /* Shiba Inu APITests.xctest */;
			productType = "com.apple.product-type.bundle.unit-test";
		};
		F952F29829AD024900F276FD /* Shiba Inu APIUITests */ = {
			isa = PBXNativeTarget;
			buildConfigurationList = F952F2A929AD024900F276FD /* Build configuration list for PBXNativeTarget "Shiba Inu APIUITests" */;
			buildPhases = (
				F952F29529AD024900F276FD /* Sources */,
				F952F29629AD024900F276FD /* Frameworks */,
				F952F29729AD024900F276FD /* Resources */,
			);
			buildRules = (
			);
			dependencies = (
				F952F29B29AD024900F276FD /* PBXTargetDependency */,
			);
			name = "Shiba Inu APIUITests";
			productName = "Shiba Inu APIUITests";
			productReference = F952F29929AD024900F276FD /* Shiba Inu APIUITests.xctest */;
			productType = "com.apple.product-type.bundle.ui-testing";
		};
/* End PBXNativeTarget section */

/* Begin PBXProject section */
		F952F27729AD024700F276FD /* Project object */ = {
			isa = PBXProject;
			attributes = {
				BuildIndependentTargetsInParallel = 1;
				LastSwiftUpdateCheck = 1400;
				LastUpgradeCheck = 1400;
				TargetAttributes = {
					F952F27E29AD024700F276FD = {
						CreatedOnToolsVersion = 14.0;
					};
					F952F28E29AD024900F276FD = {
						CreatedOnToolsVersion = 14.0;
						TestTargetID = F952F27E29AD024700F276FD;
					};
					F952F29829AD024900F276FD = {
						CreatedOnToolsVersion = 14.0;
						TestTargetID = F952F27E29AD024700F276FD;
					};
				};
			};
			buildConfigurationList = F952F27A29AD024700F276FD /* Build configuration list for PBXProject "Shiba Inu API" */;
			compatibilityVersion = "Xcode 14.0";
			developmentRegion = en;
			hasScannedForEncodings = 0;
			knownRegions = (
				en,
				Base,
			);
			mainGroup = F952F27629AD024700F276FD;
			productRefGroup = F952F28029AD024700F276FD /* Products */;
			projectDirPath = "";
			projectRoot = "";
			targets = (
				F952F27E29AD024700F276FD /* Shiba Inu API */,
				F952F28E29AD024900F276FD /* Shiba Inu APITests */,
				F952F29829AD024900F276FD /* Shiba Inu APIUITests */,
			);
		};
/* End PBXProject section */

/* Begin PBXResourcesBuildPhase section */
		F952F27D29AD024700F276FD /* Resources */ = {
			isa = PBXResourcesBuildPhase;
			buildActionMask = 2147483647;
			files = (
				F952F28A29AD024900F276FD /* Preview Assets.xcassets in Resources */,
				F952F28729AD024900F276FD /* Assets.xcassets in Resources */,
			);
			runOnlyForDeploymentPostprocessing = 0;
		};
		F952F28D29AD024900F276FD /* Resources */ = {
			isa = PBXResourcesBuildPhase;
			buildActionMask = 2147483647;
			files = (
			);
			runOnlyForDeploymentPostprocessing = 0;
		};
		F952F29729AD024900F276FD /* Resources */ = {
			isa = PBXResourcesBuildPhase;
			buildActionMask = 2147483647;
			files = (
			);
			runOnlyForDeploymentPostprocessing = 0;
		};
/* End PBXResourcesBuildPhase section */

/* Begin PBXSourcesBuildPhase section */
		F952F27B29AD024700F276FD /* Sources */ = {
			isa = PBXSourcesBuildPhase;
			buildActionMask = 2147483647;
			files = (
				F952F28529AD024700F276FD /* ContentView.swift in Sources */,
				F952F28329AD024700F276FD /* Shiba_Inu_APIApp.swift in Sources */,
				F952F2AD29AD025C00F276FD /* EntryView.swift in Sources */,
			);
			runOnlyForDeploymentPostprocessing = 0;
		};
		F952F28B29AD024900F276FD /* Sources */ = {
			isa = PBXSourcesBuildPhase;
			buildActionMask = 2147483647;
			files = (
				F952F29429AD024900F276FD /* Shiba_Inu_APITests.swift in Sources */,
			);
			runOnlyForDeploymentPostprocessing = 0;
		};
		F952F29529AD024900F276FD /* Sources */ = {
			isa = PBXSourcesBuildPhase;
			buildActionMask = 2147483647;
			files = (
				F952F2A029AD024900F276FD /* Shiba_Inu_APIUITestsLaunchTests.swift in Sources */,
				F952F29E29AD024900F276FD /* Shiba_Inu_APIUITests.swift in Sources */,
			);
			runOnlyForDeploymentPostprocessing = 0;
		};
/* End PBXSourcesBuildPhase section */

/* Begin PBXTargetDependency section */
		F952F29129AD024900F276FD /* PBXTargetDependency */ = {
			isa = PBXTargetDependency;
			target = F952F27E29AD024700F276FD /* Shiba Inu API */;
			targetProxy = F952F29029AD024900F276FD /* PBXContainerItemProxy */;
		};
		F952F29B29AD024900F276FD /* PBXTargetDependency */ = {
			isa = PBXTargetDependency;
			target = F952F27E29AD024700F276FD /* Shiba Inu API */;
			targetProxy = F952F29A29AD024900F276FD /* PBXContainerItemProxy */;
		};
/* End PBXTargetDependency section */

/* Begin XCBuildConfiguration section */
		F952F2A129AD024900F276FD /* Debug */ = {
			isa = XCBuildConfiguration;
			buildSettings = {
				ALWAYS_SEARCH_USER_PATHS = NO;
				CLANG_ANALYZER_NONNULL = YES;
				CLANG_ANALYZER_NUMBER_OBJECT_CONVERSION = YES_AGGRESSIVE;
				CLANG_CXX_LANGUAGE_STANDARD = "gnu++20";
				CLANG_ENABLE_MODULES = YES;
				CLANG_ENABLE_OBJC_ARC = YES;
				CLANG_ENABLE_OBJC_WEAK = YES;
				CLANG_WARN_BLOCK_CAPTURE_AUTORELEASING = YES;
				CLANG_WARN_BOOL_CONVERSION = YES;
				CLANG_WARN_COMMA = YES;
				CLANG_WARN_CONSTANT_CONVERSION = YES;
				CLANG_WARN_DEPRECATED_OBJC_IMPLEMENTATIONS = YES;
				CLANG_WARN_DIRECT_OBJC_ISA_USAGE = YES_ERROR;
				CLANG_WARN_DOCUMENTATION_COMMENTS = YES;
				CLANG_WARN_EMPTY_BODY = YES;
				CLANG_WARN_ENUM_CONVERSION = YES;
				CLANG_WARN_INFINITE_RECURSION = YES;
				CLANG_WARN_INT_CONVERSION = YES;
				CLANG_WARN_NON_LITERAL_NULL_CONVERSION = YES;
				CLANG_WARN_OBJC_IMPLICIT_RETAIN_SELF = YES;
				CLANG_WARN_OBJC_LITERAL_CONVERSION = YES;
				CLANG_WARN_OBJC_ROOT_CLASS = YES_ERROR;
				CLANG_WARN_QUOTED_INCLUDE_IN_FRAMEWORK_HEADER = YES;
				CLANG_WARN_RANGE_LOOP_ANALYSIS = YES;
				CLANG_WARN_STRICT_PROTOTYPES = YES;
				CLANG_WARN_SUSPICIOUS_MOVE = YES;
				CLANG_WARN_UNGUARDED_AVAILABILITY = YES_AGGRESSIVE;
				CLANG_WARN_UNREACHABLE_CODE = YES;
				CLANG_WARN__DUPLICATE_METHOD_MATCH = YES;
				COPY_PHASE_STRIP = NO;
				DEBUG_INFORMATION_FORMAT = dwarf;
				ENABLE_STRICT_OBJC_MSGSEND = YES;
				ENABLE_TESTABILITY = YES;
				GCC_C_LANGUAGE_STANDARD = gnu11;
				GCC_DYNAMIC_NO_PIC = NO;
				GCC_NO_COMMON_BLOCKS = YES;
				GCC_OPTIMIZATION_LEVEL = 0;
				GCC_PREPROCESSOR_DEFINITIONS = (
					"DEBUG=1",
					"$(inherited)",
				);
				GCC_WARN_64_TO_32_BIT_CONVERSION = YES;
				GCC_WARN_ABOUT_RETURN_TYPE = YES_ERROR;
				GCC_WARN_UNDECLARED_SELECTOR = YES;
				GCC_WARN_UNINITIALIZED_AUTOS = YES_AGGRESSIVE;
				GCC_WARN_UNUSED_FUNCTION = YES;
				GCC_WARN_UNUSED_VARIABLE = YES;
				IPHONEOS_DEPLOYMENT_TARGET = 16.0;
				MTL_ENABLE_DEBUG_INFO = INCLUDE_SOURCE;
				MTL_FAST_MATH = YES;
				ONLY_ACTIVE_ARCH = YES;
				SDKROOT = iphoneos;
				SWIFT_ACTIVE_COMPILATION_CONDITIONS = DEBUG;
				SWIFT_OPTIMIZATION_LEVEL = "-Onone";
			};
			name = Debug;
		};
		F952F2A229AD024900F276FD /* Release */ = {
			isa = XCBuildConfiguration;
			buildSettings = {
				ALWAYS_SEARCH_USER_PATHS = NO;
				CLANG_ANALYZER_NONNULL = YES;
				CLANG_ANALYZER_NUMBER_OBJECT_CONVERSION = YES_AGGRESSIVE;
				CLANG_CXX_LANGUAGE_STANDARD = "gnu++20";
				CLANG_ENABLE_MODULES = YES;
				CLANG_ENABLE_OBJC_ARC = YES;
				CLANG_ENABLE_OBJC_WEAK = YES;
				CLANG_WARN_BLOCK_CAPTURE_AUTORELEASING = YES;
				CLANG_WARN_BOOL_CONVERSION = YES;
				CLANG_WARN_COMMA = YES;
				CLANG_WARN_CONSTANT_CONVERSION = YES;
				CLANG_WARN_DEPRECATED_OBJC_IMPLEMENTATIONS = YES;
				CLANG_WARN_DIRECT_OBJC_ISA_USAGE = YES_ERROR;
				CLANG_WARN_DOCUMENTATION_COMMENTS = YES;
				CLANG_WARN_EMPTY_BODY = YES;
				CLANG_WARN_ENUM_CONVERSION = YES;
				CLANG_WARN_INFINITE_RECURSION = YES;
				CLANG_WARN_INT_CONVERSION = YES;
				CLANG_WARN_NON_LITERAL_NULL_CONVERSION = YES;
				CLANG_WARN_OBJC_IMPLICIT_RETAIN_SELF = YES;
				CLANG_WARN_OBJC_LITERAL_CONVERSION = YES;
				CLANG_WARN_OBJC_ROOT_CLASS = YES_ERROR;
				CLANG_WARN_QUOTED_INCLUDE_IN_FRAMEWORK_HEADER = YES;
				CLANG_WARN_RANGE_LOOP_ANALYSIS = YES;
				CLANG_WARN_STRICT_PROTOTYPES = YES;
				CLANG_WARN_SUSPICIOUS_MOVE = YES;
				CLANG_WARN_UNGUARDED_AVAILABILITY = YES_AGGRESSIVE;
				CLANG_WARN_UNREACHABLE_CODE = YES;
				CLANG_WARN__DUPLICATE_METHOD_MATCH = YES;
				COPY_PHASE_STRIP = NO;
				DEBUG_INFORMATION_FORMAT = "dwarf-with-dsym";
				ENABLE_NS_ASSERTIONS = NO;
				ENABLE_STRICT_OBJC_MSGSEND = YES;
				GCC_C_LANGUAGE_STANDARD = gnu11;
				GCC_NO_COMMON_BLOCKS = YES;
				GCC_WARN_64_TO_32_BIT_CONVERSION = YES;
				GCC_WARN_ABOUT_RETURN_TYPE = YES_ERROR;
				GCC_WARN_UNDECLARED_SELECTOR = YES;
				GCC_WARN_UNINITIALIZED_AUTOS = YES_AGGRESSIVE;
				GCC_WARN_UNUSED_FUNCTION = YES;
				GCC_WARN_UNUSED_VARIABLE = YES;
				IPHONEOS_DEPLOYMENT_TARGET = 16.0;
				MTL_ENABLE_DEBUG_INFO = NO;
				MTL_FAST_MATH = YES;
				SDKROOT = iphoneos;
				SWIFT_COMPILATION_MODE = wholemodule;
				SWIFT_OPTIMIZATION_LEVEL = "-O";
				VALIDATE_PRODUCT = YES;
			};
			name = Release;
		};
		F952F2A429AD024900F276FD /* Debug */ = {
			isa = XCBuildConfiguration;
			buildSettings = {
				ASSETCATALOG_COMPILER_APPICON_NAME = AppIcon;
				ASSETCATALOG_COMPILER_GLOBAL_ACCENT_COLOR_NAME = AccentColor;
				CODE_SIGN_STYLE = Automatic;
				CURRENT_PROJECT_VERSION = 1;
				DEVELOPMENT_ASSET_PATHS = "\"Shiba Inu API/Preview Content\"";
				DEVELOPMENT_TEAM = ZM8QD2KAG2;
				ENABLE_PREVIEWS = YES;
				GENERATE_INFOPLIST_FILE = YES;
				INFOPLIST_KEY_UIApplicationSceneManifest_Generation = YES;
				INFOPLIST_KEY_UIApplicationSupportsIndirectInputEvents = YES;
				INFOPLIST_KEY_UILaunchScreen_Generation = YES;
				INFOPLIST_KEY_UISupportedInterfaceOrientations_iPad = "UIInterfaceOrientationPortrait UIInterfaceOrientationPortraitUpsideDown UIInterfaceOrientationLandscapeLeft UIInterfaceOrientationLandscapeRight";
				INFOPLIST_KEY_UISupportedInterfaceOrientations_iPhone = "UIInterfaceOrientationPortrait UIInterfaceOrientationLandscapeLeft UIInterfaceOrientationLandscapeRight";
				LD_RUNPATH_SEARCH_PATHS = (
					"$(inherited)",
					"@executable_path/Frameworks",
				);
				MARKETING_VERSION = 1.0;
				PRODUCT_BUNDLE_IDENTIFIER = "BrightStar.Shiba-Inu-API";
				PRODUCT_NAME = "$(TARGET_NAME)";
				SWIFT_EMIT_LOC_STRINGS = YES;
				SWIFT_VERSION = 5.0;
				TARGETED_DEVICE_FAMILY = "1,2";
			};
			name = Debug;
		};
		F952F2A529AD024900F276FD /* Release */ = {
			isa = XCBuildConfiguration;
			buildSettings = {
				ASSETCATALOG_COMPILER_APPICON_NAME = AppIcon;
				ASSETCATALOG_COMPILER_GLOBAL_ACCENT_COLOR_NAME = AccentColor;
				CODE_SIGN_STYLE = Automatic;
				CURRENT_PROJECT_VERSION = 1;
				DEVELOPMENT_ASSET_PATHS = "\"Shiba Inu API/Preview Content\"";
				DEVELOPMENT_TEAM = ZM8QD2KAG2;
				ENABLE_PREVIEWS = YES;
				GENERATE_INFOPLIST_FILE = YES;
				INFOPLIST_KEY_UIApplicationSceneManifest_Generation = YES;
				INFOPLIST_KEY_UIApplicationSupportsIndirectInputEvents = YES;
				INFOPLIST_KEY_UILaunchScreen_Generation = YES;
				INFOPLIST_KEY_UISupportedInterfaceOrientations_iPad = "UIInterfaceOrientationPortrait UIInterfaceOrientationPortraitUpsideDown UIInterfaceOrientationLandscapeLeft UIInterfaceOrientationLandscapeRight";
				INFOPLIST_KEY_UISupportedInterfaceOrientations_iPhone = "UIInterfaceOrientationPortrait UIInterfaceOrientationLandscapeLeft UIInterfaceOrientationLandscapeRight";
				LD_RUNPATH_SEARCH_PATHS = (
					"$(inherited)",
					"@executable_path/Frameworks",
				);
				MARKETING_VERSION = 1.0;
				PRODUCT_BUNDLE_IDENTIFIER = "BrightStar.Shiba-Inu-API";
				PRODUCT_NAME = "$(TARGET_NAME)";
				SWIFT_EMIT_LOC_STRINGS = YES;
				SWIFT_VERSION = 5.0;
				TARGETED_DEVICE_FAMILY = "1,2";
			};
			name = Release;
		};
		F952F2A729AD024900F276FD /* Debug */ = {
			isa = XCBuildConfiguration;
			buildSettings = {
				ALWAYS_EMBED_SWIFT_STANDARD_LIBRARIES = YES;
				BUNDLE_LOADER = "$(TEST_HOST)";
				CODE_SIGN_STYLE = Automatic;
				CURRENT_PROJECT_VERSION = 1;
				DEVELOPMENT_TEAM = ZM8QD2KAG2;
				GENERATE_INFOPLIST_FILE = YES;
				IPHONEOS_DEPLOYMENT_TARGET = 16.0;
				MARKETING_VERSION = 1.0;
				PRODUCT_BUNDLE_IDENTIFIER = "BrightStar.Shiba-Inu-APITests";
				PRODUCT_NAME = "$(TARGET_NAME)";
				SWIFT_EMIT_LOC_STRINGS = NO;
				SWIFT_VERSION = 5.0;
				TARGETED_DEVICE_FAMILY = "1,2";
				TEST_HOST = "$(BUILT_PRODUCTS_DIR)/Shiba Inu API.app/$(BUNDLE_EXECUTABLE_FOLDER_PATH)/Shiba Inu API";
			};
			name = Debug;
		};
		F952F2A829AD024900F276FD /* Release */ = {
			isa = XCBuildConfiguration;
			buildSettings = {
				ALWAYS_EMBED_SWIFT_STANDARD_LIBRARIES = YES;
				BUNDLE_LOADER = "$(TEST_HOST)";
				CODE_SIGN_STYLE = Automatic;
				CURRENT_PROJECT_VERSION = 1;
				DEVELOPMENT_TEAM = ZM8QD2KAG2;
				GENERATE_INFOPLIST_FILE = YES;
				IPHONEOS_DEPLOYMENT_TARGET = 16.0;
				MARKETING_VERSION = 1.0;
				PRODUCT_BUNDLE_IDENTIFIER = "BrightStar.Shiba-Inu-APITests";
				PRODUCT_NAME = "$(TARGET_NAME)";
				SWIFT_EMIT_LOC_STRINGS = NO;
				SWIFT_VERSION = 5.0;
				TARGETED_DEVICE_FAMILY = "1,2";
				TEST_HOST = "$(BUILT_PRODUCTS_DIR)/Shiba Inu API.app/$(BUNDLE_EXECUTABLE_FOLDER_PATH)/Shiba Inu API";
			};
			name = Release;
		};
		F952F2AA29AD024900F276FD /* Debug */ = {
			isa = XCBuildConfiguration;
			buildSettings = {
				ALWAYS_EMBED_SWIFT_STANDARD_LIBRARIES = YES;
				CODE_SIGN_STYLE = Automatic;
				CURRENT_PROJECT_VERSION = 1;
				DEVELOPMENT_TEAM = ZM8QD2KAG2;
				GENERATE_INFOPLIST_FILE = YES;
				MARKETING_VERSION = 1.0;
				PRODUCT_BUNDLE_IDENTIFIER = "BrightStar.Shiba-Inu-APIUITests";
				PRODUCT_NAME = "$(TARGET_NAME)";
				SWIFT_EMIT_LOC_STRINGS = NO;
				SWIFT_VERSION = 5.0;
				TARGETED_DEVICE_FAMILY = "1,2";
				TEST_TARGET_NAME = "Shiba Inu API";
			};
			name = Debug;
		};
		F952F2AB29AD024900F276FD /* Release */ = {
			isa = XCBuildConfiguration;
			buildSettings = {
				ALWAYS_EMBED_SWIFT_STANDARD_LIBRARIES = YES;
				CODE_SIGN_STYLE = Automatic;
				CURRENT_PROJECT_VERSION = 1;
				DEVELOPMENT_TEAM = ZM8QD2KAG2;
				GENERATE_INFOPLIST_FILE = YES;
				MARKETING_VERSION = 1.0;
				PRODUCT_BUNDLE_IDENTIFIER = "BrightStar.Shiba-Inu-APIUITests";
				PRODUCT_NAME = "$(TARGET_NAME)";
				SWIFT_EMIT_LOC_STRINGS = NO;
				SWIFT_VERSION = 5.0;
				TARGETED_DEVICE_FAMILY = "1,2";
				TEST_TARGET_NAME = "Shiba Inu API";
			};
			name = Release;
		};
/* End XCBuildConfiguration section */

/* Begin XCConfigurationList section */
		F952F27A29AD024700F276FD /* Build configuration list for PBXProject "Shiba Inu API" */ = {
			isa = XCConfigurationList;
			buildConfigurations = (
				F952F2A129AD024900F276FD /* Debug */,
				F952F2A229AD024900F276FD /* Release */,
			);
			defaultConfigurationIsVisible = 0;
			defaultConfigurationName = Release;
		};
		F952F2A329AD024900F276FD /* Build configuration list for PBXNativeTarget "Shiba Inu API" */ = {
			isa = XCConfigurationList;
			buildConfigurations = (
				F952F2A429AD024900F276FD /* Debug */,
				F952F2A529AD024900F276FD /* Release */,
			);
			defaultConfigurationIsVisible = 0;
			defaultConfigurationName = Release;
		};
		F952F2A629AD024900F276FD /* Build configuration list for PBXNativeTarget "Shiba Inu APITests" */ = {
			isa = XCConfigurationList;
			buildConfigurations = (
				F952F2A729AD024900F276FD /* Debug */,
				F952F2A829AD024900F276FD /* Release */,
			);
			defaultConfigurationIsVisible = 0;
			defaultConfigurationName = Release;
		};
		F952F2A929AD024900F276FD /* Build configuration list for PBXNativeTarget "Shiba Inu APIUITests" */ = {
			isa = XCConfigurationList;
			buildConfigurations = (
				F952F2AA29AD024900F276FD /* Debug */,
				F952F2AB29AD024900F276FD /* Release */,
			);
			defaultConfigurationIsVisible = 0;
			defaultConfigurationName = Release;
		};
/* End XCConfigurationList section */
	};
	rootObject = F952F27729AD024700F276FD /* Project object */;
}
